// !$*UTF8*$!
{
	archiveVersion = 1;
	classes = {
	};
	objectVersion = 46;
	objects = {

/* Begin PBXBuildFile section */
		CC3423D81A5751AD001E2302 /* AppDelegate.swift in Sources */ = {isa = PBXBuildFile; fileRef = CC3423D71A5751AD001E2302 /* AppDelegate.swift */; };
		CC3423DA1A5751AD001E2302 /* ViewController.swift in Sources */ = {isa = PBXBuildFile; fileRef = CC3423D91A5751AD001E2302 /* ViewController.swift */; };
		CC3423DD1A5751AD001E2302 /* Main.storyboard in Resources */ = {isa = PBXBuildFile; fileRef = CC3423DB1A5751AD001E2302 /* Main.storyboard */; };
		CC3423DF1A5751AD001E2302 /* Images.xcassets in Resources */ = {isa = PBXBuildFile; fileRef = CC3423DE1A5751AD001E2302 /* Images.xcassets */; };
		CC3423E21A5751AD001E2302 /* LaunchScreen.xib in Resources */ = {isa = PBXBuildFile; fileRef = CC3423E01A5751AD001E2302 /* LaunchScreen.xib */; };
		CC3423EE1A5751AD001E2302 /* _9LuftballoonsTests.swift in Sources */ = {isa = PBXBuildFile; fileRef = CC3423ED1A5751AD001E2302 /* _9LuftballoonsTests.swift */; };
/* End PBXBuildFile section */

/* Begin PBXContainerItemProxy section */
		CC3423E81A5751AD001E2302 /* PBXContainerItemProxy */ = {
			isa = PBXContainerItemProxy;
			containerPortal = CC3423CA1A5751AD001E2302 /* Project object */;
			proxyType = 1;
			remoteGlobalIDString = CC3423D11A5751AD001E2302;
			remoteInfo = 99Luftballoons;
		};
/* End PBXContainerItemProxy section */

/* Begin PBXFileReference section */
		CC3423D21A5751AD001E2302 /* 99Luftballoons.app */ = {isa = PBXFileReference; explicitFileType = wrapper.application; includeInIndex = 0; path = 99Luftballoons.app; sourceTree = BUILT_PRODUCTS_DIR; };
		CC3423D61A5751AD001E2302 /* Info.plist */ = {isa = PBXFileReference; lastKnownFileType = text.plist.xml; path = Info.plist; sourceTree = "<group>"; };
		CC3423D71A5751AD001E2302 /* AppDelegate.swift */ = {isa = PBXFileReference; lastKnownFileType = sourcecode.swift; path = AppDelegate.swift; sourceTree = "<group>"; };
		CC3423D91A5751AD001E2302 /* ViewController.swift */ = {isa = PBXFileReference; lastKnownFileType = sourcecode.swift; path = ViewController.swift; sourceTree = "<group>"; };
		CC3423DC1A5751AD001E2302 /* Base */ = {isa = PBXFileReference; lastKnownFileType = file.storyboard; name = Base; path = Base.lproj/Main.storyboard; sourceTree = "<group>"; };
		CC3423DE1A5751AD001E2302 /* Images.xcassets */ = {isa = PBXFileReference; lastKnownFileType = folder.assetcatalog; path = Images.xcassets; sourceTree = "<group>"; };
		CC3423E11A5751AD001E2302 /* Base */ = {isa = PBXFileReference; lastKnownFileType = file.xib; name = Base; path = Base.lproj/LaunchScreen.xib; sourceTree = "<group>"; };
		CC3423E71A5751AD001E2302 /* 99LuftballoonsTests.xctest */ = {isa = PBXFileReference; explicitFileType = wrapper.cfbundle; includeInIndex = 0; path = 99LuftballoonsTests.xctest; sourceTree = BUILT_PRODUCTS_DIR; };
		CC3423EC1A5751AD001E2302 /* Info.plist */ = {isa = PBXFileReference; lastKnownFileType = text.plist.xml; path = Info.plist; sourceTree = "<group>"; };
		CC3423ED1A5751AD001E2302 /* _9LuftballoonsTests.swift */ = {isa = PBXFileReference; lastKnownFileType = sourcecode.swift; path = _9LuftballoonsTests.swift; sourceTree = "<group>"; };
/* End PBXFileReference section */

/* Begin PBXFrameworksBuildPhase section */
		CC3423CF1A5751AD001E2302 /* Frameworks */ = {
			isa = PBXFrameworksBuildPhase;
			buildActionMask = 2147483647;
			files = (
			);
			runOnlyForDeploymentPostprocessing = 0;
		};
		CC3423E41A5751AD001E2302 /* Frameworks */ = {
			isa = PBXFrameworksBuildPhase;
			buildActionMask = 2147483647;
			files = (
			);
			runOnlyForDeploymentPostprocessing = 0;
		};
/* End PBXFrameworksBuildPhase section */

/* Begin PBXGroup section */
		CC3423C91A5751AD001E2302 = {
			isa = PBXGroup;
			children = (
				CC3423D41A5751AD001E2302 /* 99Luftballoons */,
				CC3423EA1A5751AD001E2302 /* 99LuftballoonsTests */,
				CC3423D31A5751AD001E2302 /* Products */,
			);
			sourceTree = "<group>";
		};
		CC3423D31A5751AD001E2302 /* Products */ = {
			isa = PBXGroup;
			children = (
				CC3423D21A5751AD001E2302 /* 99Luftballoons.app */,
				CC3423E71A5751AD001E2302 /* 99LuftballoonsTests.xctest */,
			);
			name = Products;
			sourceTree = "<group>";
		};
		CC3423D41A5751AD001E2302 /* 99Luftballoons */ = {
			isa = PBXGroup;
			children = (
				CC3423D71A5751AD001E2302 /* AppDelegate.swift */,
				CC3423D91A5751AD001E2302 /* ViewController.swift */,
				CC3423DB1A5751AD001E2302 /* Main.storyboard */,
				CC3423DE1A5751AD001E2302 /* Images.xcassets */,
				CC3423E01A5751AD001E2302 /* LaunchScreen.xib */,
				CC3423D51A5751AD001E2302 /* Supporting Files */,
			);
			path = 99Luftballoons;
			sourceTree = "<group>";
		};
		CC3423D51A5751AD001E2302 /* Supporting Files */ = {
			isa = PBXGroup;
			children = (
				CC3423D61A5751AD001E2302 /* Info.plist */,
			);
			name = "Supporting Files";
			sourceTree = "<group>";
		};
		CC3423EA1A5751AD001E2302 /* 99LuftballoonsTests */ = {
			isa = PBXGroup;
			children = (
				CC3423ED1A5751AD001E2302 /* _9LuftballoonsTests.swift */,
				CC3423EB1A5751AD001E2302 /* Supporting Files */,
			);
			path = 99LuftballoonsTests;
			sourceTree = "<group>";
		};
		CC3423EB1A5751AD001E2302 /* Supporting Files */ = {
			isa = PBXGroup;
			children = (
				CC3423EC1A5751AD001E2302 /* Info.plist */,
			);
			name = "Supporting Files";
			sourceTree = "<group>";
		};
/* End PBXGroup section */

/* Begin PBXNativeTarget section */
		CC3423D11A5751AD001E2302 /* 99Luftballoons */ = {
			isa = PBXNativeTarget;
			buildConfigurationList = CC3423F11A5751AD001E2302 /* Build configuration list for PBXNativeTarget "99Luftballoons" */;
			buildPhases = (
				CC3423CE1A5751AD001E2302 /* Sources */,
				CC3423CF1A5751AD001E2302 /* Frameworks */,
				CC3423D01A5751AD001E2302 /* Resources */,
			);
			buildRules = (
			);
			dependencies = (
			);
			name = 99Luftballoons;
			productName = 99Luftballoons;
			productReference = CC3423D21A5751AD001E2302 /* 99Luftballoons.app */;
			productType = "com.apple.product-type.application";
		};
		CC3423E61A5751AD001E2302 /* 99LuftballoonsTests */ = {
			isa = PBXNativeTarget;
			buildConfigurationList = CC3423F41A5751AD001E2302 /* Build configuration list for PBXNativeTarget "99LuftballoonsTests" */;
			buildPhases = (
				CC3423E31A5751AD001E2302 /* Sources */,
				CC3423E41A5751AD001E2302 /* Frameworks */,
				CC3423E51A5751AD001E2302 /* Resources */,
			);
			buildRules = (
			);
			dependencies = (
				CC3423E91A5751AD001E2302 /* PBXTargetDependency */,
			);
			name = 99LuftballoonsTests;
			productName = 99LuftballoonsTests;
			productReference = CC3423E71A5751AD001E2302 /* 99LuftballoonsTests.xctest */;
			productType = "com.apple.product-type.bundle.unit-test";
		};
/* End PBXNativeTarget section */

/* Begin PBXProject section */
		CC3423CA1A5751AD001E2302 /* Project object */ = {
			isa = PBXProject;
			attributes = {
				LastUpgradeCheck = 0610;
				ORGANIZATIONNAME = "Todd McCready";
				TargetAttributes = {
					CC3423D11A5751AD001E2302 = {
						CreatedOnToolsVersion = 6.1.1;
					};
					CC3423E61A5751AD001E2302 = {
						CreatedOnToolsVersion = 6.1.1;
						TestTargetID = CC3423D11A5751AD001E2302;
					};
				};
			};
			buildConfigurationList = CC3423CD1A5751AD001E2302 /* Build configuration list for PBXProject "99Luftballoons" */;
			compatibilityVersion = "Xcode 3.2";
			developmentRegion = English;
			hasScannedForEncodings = 0;
			knownRegions = (
				en,
				Base,
			);
			mainGroup = CC3423C91A5751AD001E2302;
			productRefGroup = CC3423D31A5751AD001E2302 /* Products */;
			projectDirPath = "";
			projectRoot = "";
			targets = (
				CC3423D11A5751AD001E2302 /* 99Luftballoons */,
				CC3423E61A5751AD001E2302 /* 99LuftballoonsTests */,
			);
		};
/* End PBXProject section */

/* Begin PBXResourcesBuildPhase section */
		CC3423D01A5751AD001E2302 /* Resources */ = {
			isa = PBXResourcesBuildPhase;
			buildActionMask = 2147483647;
			files = (
				CC3423DD1A5751AD001E2302 /* Main.storyboard in Resources */,
				CC3423E21A5751AD001E2302 /* LaunchScreen.xib in Resources */,
				CC3423DF1A5751AD001E2302 /* Images.xcassets in Resources */,
			);
			runOnlyForDeploymentPostprocessing = 0;
		};
		CC3423E51A5751AD001E2302 /* Resources */ = {
			isa = PBXResourcesBuildPhase;
			buildActionMask = 2147483647;
			files = (
			);
			runOnlyForDeploymentPostprocessing = 0;
		};
/* End PBXResourcesBuildPhase section */

/* Begin PBXSourcesBuildPhase section */
		CC3423CE1A5751AD001E2302 /* Sources */ = {
			isa = PBXSourcesBuildPhase;
			buildActionMask = 2147483647;
			files = (
				CC3423DA1A5751AD001E2302 /* ViewController.swift in Sources */,
				CC3423D81A5751AD001E2302 /* AppDelegate.swift in Sources */,
			);
			runOnlyForDeploymentPostprocessing = 0;
		};
		CC3423E31A5751AD001E2302 /* Sources */ = {
			isa = PBXSourcesBuildPhase;
			buildActionMask = 2147483647;
			files = (
				CC3423EE1A5751AD001E2302 /* _9LuftballoonsTests.swift in Sources */,
			);
			runOnlyForDeploymentPostprocessing = 0;
		};
/* End PBXSourcesBuildPhase section */

/* Begin PBXTargetDependency section */
		CC3423E91A5751AD001E2302 /* PBXTargetDependency */ = {
			isa = PBXTargetDependency;
			target = CC3423D11A5751AD001E2302 /* 99Luftballoons */;
			targetProxy = CC3423E81A5751AD001E2302 /* PBXContainerItemProxy */;
		};
/* End PBXTargetDependency section */

/* Begin PBXVariantGroup section */
		CC3423DB1A5751AD001E2302 /* Main.storyboard */ = {
			isa = PBXVariantGroup;
			children = (
				CC3423DC1A5751AD001E2302 /* Base */,
			);
			name = Main.storyboard;
			sourceTree = "<group>";
		};
		CC3423E01A5751AD001E2302 /* LaunchScreen.xib */ = {
			isa = PBXVariantGroup;
			children = (
				CC3423E11A5751AD001E2302 /* Base */,
			);
			name = LaunchScreen.xib;
			sourceTree = "<group>";
		};
/* End PBXVariantGroup section */

/* Begin XCBuildConfiguration section */
		CC3423EF1A5751AD001E2302 /* Debug */ = {
			isa = XCBuildConfiguration;
			buildSettings = {
				ALWAYS_SEARCH_USER_PATHS = NO;
				CLANG_CXX_LANGUAGE_STANDARD = "gnu++0x";
				CLANG_CXX_LIBRARY = "libc++";
				CLANG_ENABLE_MODULES = YES;
				CLANG_ENABLE_OBJC_ARC = YES;
				CLANG_WARN_BOOL_CONVERSION = YES;
				CLANG_WARN_CONSTANT_CONVERSION = YES;
				CLANG_WARN_DIRECT_OBJC_ISA_USAGE = YES_ERROR;
				CLANG_WARN_EMPTY_BODY = YES;
				CLANG_WARN_ENUM_CONVERSION = YES;
				CLANG_WARN_INT_CONVERSION = YES;
				CLANG_WARN_OBJC_ROOT_CLASS = YES_ERROR;
				CLANG_WARN_UNREACHABLE_CODE = YES;
				CLANG_WARN__DUPLICATE_METHOD_MATCH = YES;
				"CODE_SIGN_IDENTITY[sdk=iphoneos*]" = "iPhone Developer";
				COPY_PHASE_STRIP = NO;
				ENABLE_STRICT_OBJC_MSGSEND = YES;
				GCC_C_LANGUAGE_STANDARD = gnu99;
				GCC_DYNAMIC_NO_PIC = NO;
				GCC_OPTIMIZATION_LEVEL = 0;
				GCC_PREPROCESSOR_DEFINITIONS = (
					"DEBUG=1",
					"$(inherited)",
				);
				GCC_SYMBOLS_PRIVATE_EXTERN = NO;
				GCC_WARN_64_TO_32_BIT_CONVERSION = YES;
				GCC_WARN_ABOUT_RETURN_TYPE = YES_ERROR;
				GCC_WARN_UNDECLARED_SELECTOR = YES;
				GCC_WARN_UNINITIALIZED_AUTOS = YES_AGGRESSIVE;
				GCC_WARN_UNUSED_FUNCTION = YES;
				GCC_WARN_UNUSED_VARIABLE = YES;
				IPHONEOS_DEPLOYMENT_TARGET = 8.1;
				MTL_ENABLE_DEBUG_INFO = YES;
				ONLY_ACTIVE_ARCH = YES;
				SDKROOT = iphoneos;
				SWIFT_OPTIMIZATION_LEVEL = "-Onone";
				TARGETED_DEVICE_FAMILY = "1,2";
			};
			name = Debug;
		};
		CC3423F01A5751AD001E2302 /* Release */ = {
			isa = XCBuildConfiguration;
			buildSettings = {
				ALWAYS_SEARCH_USER_PATHS = NO;
				CLANG_CXX_LANGUAGE_STANDARD = "gnu++0x";
				CLANG_CXX_LIBRARY = "libc++";
				CLANG_ENABLE_MODULES = YES;
				CLANG_ENABLE_OBJC_ARC = YES;
				CLANG_WARN_BOOL_CONVERSION = YES;
				CLANG_WARN_CONSTANT_CONVERSION = YES;
				CLANG_WARN_DIRECT_OBJC_ISA_USAGE = YES_ERROR;
				CLANG_WARN_EMPTY_BODY = YES;
				CLANG_WARN_ENUM_CONVERSION = YES;
				CLANG_WARN_INT_CONVERSION = YES;
				CLANG_WARN_OBJC_ROOT_CLASS = YES_ERROR;
				CLANG_WARN_UNREACHABLE_CODE = YES;
				CLANG_WARN__DUPLICATE_METHOD_MATCH = YES;
				"CODE_SIGN_IDENTITY[sdk=iphoneos*]" = "iPhone Developer";
				COPY_PHASE_STRIP = YES;
				ENABLE_NS_ASSERTIONS = NO;
				ENABLE_STRICT_OBJC_MSGSEND = YES;
				GCC_C_LANGUAGE_STANDARD = gnu99;
				GCC_WARN_64_TO_32_BIT_CONVERSION = YES;
				GCC_WARN_ABOUT_RETURN_TYPE = YES_ERROR;
				GCC_WARN_UNDECLARED_SELECTOR = YES;
				GCC_WARN_UNINITIALIZED_AUTOS = YES_AGGRESSIVE;
				GCC_WARN_UNUSED_FUNCTION = YES;
				GCC_WARN_UNUSED_VARIABLE = YES;
				IPHONEOS_DEPLOYMENT_TARGET = 8.1;
				MTL_ENABLE_DEBUG_INFO = NO;
				SDKROOT = iphoneos;
				TARGETED_DEVICE_FAMILY = "1,2";
				VALIDATE_PRODUCT = YES;
			};
			name = Release;
		};
		CC3423F21A5751AD001E2302 /* Debug */ = {
			isa = XCBuildConfiguration;
			buildSettings = {
				ASSETCATALOG_COMPILER_APPICON_NAME = AppIcon;
				INFOPLIST_FILE = 99Luftballoons/Info.plist;
				LD_RUNPATH_SEARCH_PATHS = "$(inherited) @executable_path/Frameworks";
				PRODUCT_NAME = "$(TARGET_NAME)";
			};
			name = Debug;
		};
		CC3423F31A5751AD001E2302 /* Release */ = {
			isa = XCBuildConfiguration;
			buildSettings = {
				ASSETCATALOG_COMPILER_APPICON_NAME = AppIcon;
				INFOPLIST_FILE = 99Luftballoons/Info.plist;
				LD_RUNPATH_SEARCH_PATHS = "$(inherited) @executable_path/Frameworks";
				PRODUCT_NAME = "$(TARGET_NAME)";
			};
			name = Release;
		};
		CC3423F51A5751AD001E2302 /* Debug */ = {
			isa = XCBuildConfiguration;
			buildSettings = {
				BUNDLE_LOADER = "$(TEST_HOST)";
				FRAMEWORK_SEARCH_PATHS = (
					"$(SDKROOT)/Developer/Library/Frameworks",
					"$(inherited)",
				);
				GCC_PREPROCESSOR_DEFINITIONS = (
					"DEBUG=1",
					"$(inherited)",
				);
				INFOPLIST_FILE = 99LuftballoonsTests/Info.plist;
				LD_RUNPATH_SEARCH_PATHS = "$(inherited) @executable_path/Frameworks @loader_path/Frameworks";
				PRODUCT_NAME = "$(TARGET_NAME)";
				TEST_HOST = "$(BUILT_PRODUCTS_DIR)/99Luftballoons.app/99Luftballoons";
			};
			name = Debug;
		};
		CC3423F61A5751AD001E2302 /* Release */ = {
			isa = XCBuildConfiguration;
			buildSettings = {
				BUNDLE_LOADER = "$(TEST_HOST)";
				FRAMEWORK_SEARCH_PATHS = (
					"$(SDKROOT)/Developer/Library/Frameworks",
					"$(inherited)",
				);
				INFOPLIST_FILE = 99LuftballoonsTests/Info.plist;
				LD_RUNPATH_SEARCH_PATHS = "$(inherited) @executable_path/Frameworks @loader_path/Frameworks";
				PRODUCT_NAME = "$(TARGET_NAME)";
				TEST_HOST = "$(BUILT_PRODUCTS_DIR)/99Luftballoons.app/99Luftballoons";
			};
			name = Release;
		};
/* End XCBuildConfiguration section */

/* Begin XCConfigurationList section */
		CC3423CD1A5751AD001E2302 /* Build configuration list for PBXProject "99Luftballoons" */ = {
			isa = XCConfigurationList;
			buildConfigurations = (
				CC3423EF1A5751AD001E2302 /* Debug */,
				CC3423F01A5751AD001E2302 /* Release */,
			);
			defaultConfigurationIsVisible = 0;
			defaultConfigurationName = Release;
		};
		CC3423F11A5751AD001E2302 /* Build configuration list for PBXNativeTarget "99Luftballoons" */ = {
			isa = XCConfigurationList;
			buildConfigurations = (
				CC3423F21A5751AD001E2302 /* Debug */,
				CC3423F31A5751AD001E2302 /* Release */,
			);
			defaultConfigurationIsVisible = 0;
		};
		CC3423F41A5751AD001E2302 /* Build configuration list for PBXNativeTarget "99LuftballoonsTests" */ = {
			isa = XCConfigurationList;
			buildConfigurations = (
				CC3423F51A5751AD001E2302 /* Debug */,
				CC3423F61A5751AD001E2302 /* Release */,
			);
			defaultConfigurationIsVisible = 0;
		};
/* End XCConfigurationList section */
	};
	rootObject = CC3423CA1A5751AD001E2302 /* Project object */;
}
